
Microsoft Visual Studio Solution File, Format Version 12.00
# Visual Studio 2012
Project("{FAE04EC0-301F-11D3-BF4B-00C04F79EFBC}") = "FooCafe.Shared", "FooCafe.Shared\FooCafe.Shared.csproj", "{964CEF65-694D-4F66-BB24-87D5C6FBB909}"
EndProject
Project("{FAE04EC0-301F-11D3-BF4B-00C04F79EFBC}") = "FooCafe.iOS", "FooCafe.iOS\FooCafe.iOS.csproj", "{4C8BDE18-8356-4636-83E3-160A3E392843}"
EndProject
Project("{FAE04EC0-301F-11D3-BF4B-00C04F79EFBC}") = "FooCafe.Droid", "FooCafe.Droid\FooCafe.Droid.csproj", "{0C92E76D-99B1-4610-9AA0-0801A66D611E}"
EndProject
Global
	GlobalSection(SolutionConfigurationPlatforms) = preSolution
		Debug|Any CPU = Debug|Any CPU
		Release|Any CPU = Release|Any CPU
		Debug|iPhoneSimulator = Debug|iPhoneSimulator
		Release|iPhoneSimulator = Release|iPhoneSimulator
		Debug|iPhone = Debug|iPhone
		Release|iPhone = Release|iPhone
		Ad-Hoc|iPhone = Ad-Hoc|iPhone
		AppStore|iPhone = AppStore|iPhone
	EndGlobalSection
	GlobalSection(ProjectConfigurationPlatforms) = postSolution
		{0C92E76D-99B1-4610-9AA0-0801A66D611E}.Ad-Hoc|iPhone.ActiveCfg = Debug|Any CPU
		{0C92E76D-99B1-4610-9AA0-0801A66D611E}.Ad-Hoc|iPhone.Build.0 = Debug|Any CPU
		{0C92E76D-99B1-4610-9AA0-0801A66D611E}.AppStore|iPhone.ActiveCfg = Debug|Any CPU
		{0C92E76D-99B1-4610-9AA0-0801A66D611E}.AppStore|iPhone.Build.0 = Debug|Any CPU
		{0C92E76D-99B1-4610-9AA0-0801A66D611E}.Debug|Any CPU.ActiveCfg = Debug|Any CPU
		{0C92E76D-99B1-4610-9AA0-0801A66D611E}.Debug|Any CPU.Build.0 = Debug|Any CPU
		{0C92E76D-99B1-4610-9AA0-0801A66D611E}.Debug|iPhone.ActiveCfg = Debug|Any CPU
		{0C92E76D-99B1-4610-9AA0-0801A66D611E}.Debug|iPhone.Build.0 = Debug|Any CPU
		{0C92E76D-99B1-4610-9AA0-0801A66D611E}.Debug|iPhoneSimulator.ActiveCfg = Debug|Any CPU
		{0C92E76D-99B1-4610-9AA0-0801A66D611E}.Debug|iPhoneSimulator.Build.0 = Debug|Any CPU
		{0C92E76D-99B1-4610-9AA0-0801A66D611E}.Release|Any CPU.ActiveCfg = Release|Any CPU
		{0C92E76D-99B1-4610-9AA0-0801A66D611E}.Release|Any CPU.Build.0 = Release|Any CPU
		{0C92E76D-99B1-4610-9AA0-0801A66D611E}.Release|iPhone.ActiveCfg = Release|Any CPU
		{0C92E76D-99B1-4610-9AA0-0801A66D611E}.Release|iPhone.Build.0 = Release|Any CPU
		{0C92E76D-99B1-4610-9AA0-0801A66D611E}.Release|iPhoneSimulator.ActiveCfg = Release|Any CPU
		{0C92E76D-99B1-4610-9AA0-0801A66D611E}.Release|iPhoneSimulator.Build.0 = Release|Any CPU
		{4C8BDE18-8356-4636-83E3-160A3E392843}.Ad-Hoc|iPhone.ActiveCfg = Ad-Hoc|iPhone
		{4C8BDE18-8356-4636-83E3-160A3E392843}.Ad-Hoc|iPhone.Build.0 = Ad-Hoc|iPhone
		{4C8BDE18-8356-4636-83E3-160A3E392843}.AppStore|iPhone.ActiveCfg = AppStore|iPhone
		{4C8BDE18-8356-4636-83E3-160A3E392843}.AppStore|iPhone.Build.0 = AppStore|iPhone
		{4C8BDE18-8356-4636-83E3-160A3E392843}.Debug|Any CPU.ActiveCfg = Debug|iPhoneSimulator
		{4C8BDE18-8356-4636-83E3-160A3E392843}.Debug|Any CPU.Build.0 = Debug|iPhoneSimulator
		{4C8BDE18-8356-4636-83E3-160A3E392843}.Debug|iPhone.ActiveCfg = Debug|iPhone
		{4C8BDE18-8356-4636-83E3-160A3E392843}.Debug|iPhone.Build.0 = Debug|iPhone
		{4C8BDE18-8356-4636-83E3-160A3E392843}.Debug|iPhoneSimulator.ActiveCfg = Debug|iPhoneSimulator
		{4C8BDE18-8356-4636-83E3-160A3E392843}.Debug|iPhoneSimulator.Build.0 = Debug|iPhoneSimulator
		{4C8BDE18-8356-4636-83E3-160A3E392843}.Release|Any CPU.ActiveCfg = Release|iPhoneSimulator
		{4C8BDE18-8356-4636-83E3-160A3E392843}.Release|Any CPU.Build.0 = Release|iPhoneSimulator
		{4C8BDE18-8356-4636-83E3-160A3E392843}.Release|iPhone.ActiveCfg = Release|iPhone
		{4C8BDE18-8356-4636-83E3-160A3E392843}.Release|iPhone.Build.0 = Release|iPhone
		{4C8BDE18-8356-4636-83E3-160A3E392843}.Release|iPhoneSimulator.ActiveCfg = Release|iPhoneSimulator
		{4C8BDE18-8356-4636-83E3-160A3E392843}.Release|iPhoneSimulator.Build.0 = Release|iPhoneSimulator
		{964CEF65-694D-4F66-BB24-87D5C6FBB909}.Ad-Hoc|iPhone.ActiveCfg = Debug|Any CPU
		{964CEF65-694D-4F66-BB24-87D5C6FBB909}.Ad-Hoc|iPhone.Build.0 = Debug|Any CPU
		{964CEF65-694D-4F66-BB24-87D5C6FBB909}.AppStore|iPhone.ActiveCfg = Debug|Any CPU
		{964CEF65-694D-4F66-BB24-87D5C6FBB909}.AppStore|iPhone.Build.0 = Debug|Any CPU
		{964CEF65-694D-4F66-BB24-87D5C6FBB909}.Debug|Any CPU.ActiveCfg = Debug|Any CPU
		{964CEF65-694D-4F66-BB24-87D5C6FBB909}.Debug|Any CPU.Build.0 = Debug|Any CPU
		{964CEF65-694D-4F66-BB24-87D5C6FBB909}.Debug|iPhone.ActiveCfg = Debug|Any CPU
		{964CEF65-694D-4F66-BB24-87D5C6FBB909}.Debug|iPhone.Build.0 = Debug|Any CPU
		{964CEF65-694D-4F66-BB24-87D5C6FBB909}.Debug|iPhoneSimulator.ActiveCfg = Debug|Any CPU
		{964CEF65-694D-4F66-BB24-87D5C6FBB909}.Debug|iPhoneSimulator.Build.0 = Debug|Any CPU
		{964CEF65-694D-4F66-BB24-87D5C6FBB909}.Release|Any CPU.ActiveCfg = Release|Any CPU
		{964CEF65-694D-4F66-BB24-87D5C6FBB909}.Release|Any CPU.Build.0 = Release|Any CPU
		{964CEF65-694D-4F66-BB24-87D5C6FBB909}.Release|iPhone.ActiveCfg = Release|Any CPU
		{964CEF65-694D-4F66-BB24-87D5C6FBB909}.Release|iPhone.Build.0 = Release|Any CPU
		{964CEF65-694D-4F66-BB24-87D5C6FBB909}.Release|iPhoneSimulator.ActiveCfg = Release|Any CPU
		{964CEF65-694D-4F66-BB24-87D5C6FBB909}.Release|iPhoneSimulator.Build.0 = Release|Any CPU
	EndGlobalSection
	GlobalSection(MonoDevelopProperties) = preSolution
		StartupItem = FooCafe.Droid\FooCafe.Droid.csproj
	EndGlobalSection
EndGlobal
